
Microsoft Visual Studio Solution File, Format Version 12.00
# Visual Studio 15
VisualStudioVersion = 15.0.28307.136
MinimumVisualStudioVersion = 10.0.40219.1
Project("{FAE04EC0-301F-11D3-BF4B-00C04F79EFBC}") = "WPF-Demo", "WPF-Demo\WPF-Demo.csproj", "{EE1B82C8-7CCD-4547-B7EA-3CE59058FBC0}"
EndProject
Global
	GlobalSection(SolutionConfigurationPlatforms) = preSolution
		Debug|Any CPU = Debug|Any CPU
		Release|Any CPU = Release|Any CPU
	EndGlobalSection
	GlobalSection(ProjectConfigurationPlatforms) = postSolution
		{EE1B82C8-7CCD-4547-B7EA-3CE59058FBC0}.Debug|Any CPU.ActiveCfg = Debug|Any CPU
		{EE1B82C8-7CCD-4547-B7EA-3CE59058FBC0}.Debug|Any CPU.Build.0 = Debug|Any CPU
		{EE1B82C8-7CCD-4547-B7EA-3CE59058FBC0}.Release|Any CPU.ActiveCfg = Release|Any CPU
		{EE1B82C8-7CCD-4547-B7EA-3CE59058FBC0}.Release|Any CPU.Build.0 = Release|Any CPU
	EndGlobalSection
	GlobalSection(SolutionProperties) = preSolution
		HideSolutionNode = FALSE
	EndGlobalSection
	GlobalSection(ExtensibilityGlobals) = postSolution
		SolutionGuid = {D96C3E9D-8903-48B9-9098-3C1BEF5C7A39}
	EndGlobalSection
EndGlobal
